{
  "name": "mystral_qjs_test",
  "version": "0.1.0",
  "lockfileVersion": 3,
  "requires": true,
  "packages": {
    "": {
      "name": "mystral_qjs_test",
      "version": "0.1.0",
      "license": "0BSD",
      "dependencies": {
        "q5": "^4.8.2"
      }
    },
    "node_modules/q5": {
      "version": "4.8.2",
      "resolved": "https://registry.npmjs.org/q5/-/q5-4.8.2.tgz",
      "integrity": "sha512-xQCeilznGozLSC7nPfvwOugJHyHhyb81TpVFr0ocCa9DmSzzpLiap3AD7iESWEn7j9MWJ3WRCbyfHFrGuXGdig==",
      "funding": [
        {
          "type": "patreon",
          "url": "https://www.patreon.com/q5play"
        },
        {
          "type": "ko-fi",
          "url": "https://ko-fi.com/q5play"
        },
        {
          "type": "github",
          "url": "https://github.com/sponsors/quinton-ashley"
        }
      ],
      "license": "LGPL-3.0-only"
    }
  }
}
