# This file is automatically @generated by Cargo.
# It is not intended for manual editing.
version = 4

[[package]]
name = "byteorder"
version = "1.5.0"
source = "registry+https://github.com/rust-lang/crates.io-index"
checksum = "1fd0f2584146f6f2ef48085050886acf353beff7305ebd1ae69500e27c67f64b"

[[package]]
name = "gv_video"
version = "0.1.11"
dependencies = [
 "byteorder",
 "lz4_flex",
 "paste",
 "texture2ddecoder",
]

[[package]]
name = "gv_wasm"
version = "0.1.0"
dependencies = [
 "gv_video",
]

[[package]]
name = "lz4_flex"
version = "0.11.6"
source = "registry+https://github.com/rust-lang/crates.io-index"
checksum = "373f5eceeeab7925e0c1098212f2fbc4d416adec9d35051a6ab251e824c1854a"

[[package]]
name = "paste"
version = "1.0.15"
source = "registry+https://github.com/rust-lang/crates.io-index"
checksum = "57c0d7b74b563b49d38dae00a0c37d4d6de9b432382b2892f0574ddcae73fd0a"

[[package]]
name = "texture2ddecoder"
version = "0.0.5"
source = "registry+https://github.com/rust-lang/crates.io-index"
checksum = "54f0e5ca5dceb9b44d0f376de51782277c25fb42ffe1dad08d847f3a156d26d9"
dependencies = [
 "paste",
]
