{
  "name": "mystral-osc-test",
  "version": "0.1.0",
  "lockfileVersion": 3,
  "requires": true,
  "packages": {
    "": {
      "name": "mystral-osc-test",
      "version": "0.1.0",
      "dependencies": {
        "node-osc": "^11.7.1"
      }
    },
    "node_modules/node-osc": {
      "version": "11.7.1",
      "resolved": "https://registry.npmjs.org/node-osc/-/node-osc-11.7.1.tgz",
      "integrity": "sha512-5RE3T26IRRcSFrcL9WIayyWIgm+Dmz4Wh/Q+y7T91v51AXm10/kyI8Tv+OgyAuLKLTgV6kcXK0/izHAlWqf61A==",
      "license": "Apache-2.0",
      "engines": {
        "node": "^20.9.0 || ^22.11.0 || >=24.0.0"
      }
    }
  }
}
